
Microsoft Visual Studio Solution File, Format Version 12.00
# Visual Studio Version 17
VisualStudioVersion = 17.4.33103.184
MinimumVisualStudioVersion = 10.0.40219.1
Project("{FAE04EC0-301F-11D3-BF4B-00C04F79EFBC}") = "AutomatisionWebTest", "AutomatisionWebTest\AutomatisionWebTest.csproj", "{B9F889EC-8880-40EE-91EF-7CA97379797F}"
EndProject
Global
	GlobalSection(SolutionConfigurationPlatforms) = preSolution
		Debug|Any CPU = Debug|Any CPU
		Release|Any CPU = Release|Any CPU
	EndGlobalSection
	GlobalSection(ProjectConfigurationPlatforms) = postSolution
		{B9F889EC-8880-40EE-91EF-7CA97379797F}.Debug|Any CPU.ActiveCfg = Debug|Any CPU
		{B9F889EC-8880-40EE-91EF-7CA97379797F}.Debug|Any CPU.Build.0 = Debug|Any CPU
		{B9F889EC-8880-40EE-91EF-7CA97379797F}.Release|Any CPU.ActiveCfg = Release|Any CPU
		{B9F889EC-8880-40EE-91EF-7CA97379797F}.Release|Any CPU.Build.0 = Release|Any CPU
	EndGlobalSection
	GlobalSection(SolutionProperties) = preSolution
		HideSolutionNode = FALSE
	EndGlobalSection
	GlobalSection(ExtensibilityGlobals) = postSolution
		SolutionGuid = {B8D72A80-E5F1-445B-B131-2C4F80D8044D}
	EndGlobalSection
EndGlobal
